GEM
  remote: https://rubygems.org/
  specs:
    bundler-audit (0.9.3)
      bundler (>= 1.2.0)
      thor (~> 1.0)
    thor (1.5.0)

PLATFORMS
  ruby
  x86_64-linux

DEPENDENCIES
  bundler-audit

CHECKSUMS
  bundler-audit (0.9.3) sha256=81c8766c71e47d0d28a0f98c7eed028539f21a6ea3cd8f685eb6f42333c9b4e9
  thor (1.5.0) sha256=e3a9e55fe857e44859ce104a84675ab6e8cd59c650a49106a05f55f136425e73

BUNDLED WITH
   2.7.2
