{
  "nodes": {
    "nixpkgs": {
      "locked": {
        "lastModified": 1787360063,
        "narHash": "sha256-dt4WdcvsA8/RCe+VZZwqU0X+XMM3wBbGCWA0/sFWzGo=",
        "owner": "NixOS",
        "repo": "nixpkgs",
        "rev": "2c423e03bbafcff28bfadc6781a4a8257f205cb5",
        "type": "github"
      },
      "original": {
        "owner": "NixOS",
        "ref": "nixos-unstable",
        "repo": "nixpkgs",
        "type": "github"
      }
    },
    "packnix": {
      "locked": {
        "lastModified": 1787593760,
        "narHash": "sha256-fuDNZq8A/JcXkYsPi2HLKcXO6w7yZ/KLjfbbgggqmeU=",
        "owner": "tomberek",
        "repo": "packnix",
        "rev": "d6e82f05bfb82e953b40cbf688fa88f344f3abab",
        "type": "github"
      },
      "original": {
        "owner": "tomberek",
        "repo": "packnix",
        "type": "github"
      }
    },
    "root": {
      "inputs": {
        "nixpkgs": "nixpkgs",
        "packnix": "packnix"
      }
    }
  },
  "root": "root",
  "version": 7
}
