{
  "nodes": {
    "nixpkgs": {
      "locked": {
        "lastModified": 1787360063,
        "narHash": "sha256-dt4WdcvsA8/RCe+VZZwqU0X+XMM3wBbGCWA0/sFWzGo=",
        "owner": "NixOS",
        "repo": "nixpkgs",
        "rev": "2c423e03bbafcff28bfadc6781a4a8257f205cb5",
        "type": "github"
      },
      "original": {
        "owner": "NixOS",
        "ref": "nixos-unstable",
        "repo": "nixpkgs",
        "type": "github"
      }
    },
    "packnix": {
      "locked": {
        "lastModified": 1787552822,
        "narHash": "sha256-cswOUNK5oiLY2KiIx5erFZpyvxhjA0RnufFyBG49xMA=",
        "owner": "tomberek",
        "repo": "packnix",
        "rev": "6232174b58abf3d6b144c44e6e59a121fa4411c7",
        "type": "github"
      },
      "original": {
        "owner": "tomberek",
        "repo": "packnix",
        "type": "github"
      }
    },
    "root": {
      "inputs": {
        "nixpkgs": "nixpkgs",
        "packnix": "packnix"
      }
    }
  },
  "root": "root",
  "version": 7
}
